
Microsoft Visual Studio Solution File, Format Version 12.00
# Visual Studio 15
VisualStudioVersion = 15.0.27703.2018
MinimumVisualStudioVersion = 10.0.40219.1
Project("{FAE04EC0-301F-11D3-BF4B-00C04F79EFBC}") = "ACA", "SPS\ACA.csproj", "{35CEE2A4-726B-41C7-9712-AD8A8944BFBE}"
EndProject
Global
	GlobalSection(SolutionConfigurationPlatforms) = preSolution
		Debug|Any CPU = Debug|Any CPU
		Release|Any CPU = Release|Any CPU
	EndGlobalSection
	GlobalSection(ProjectConfigurationPlatforms) = postSolution
		{35CEE2A4-726B-41C7-9712-AD8A8944BFBE}.Debug|Any CPU.ActiveCfg = Debug|Any CPU
		{35CEE2A4-726B-41C7-9712-AD8A8944BFBE}.Debug|Any CPU.Build.0 = Debug|Any CPU
		{35CEE2A4-726B-41C7-9712-AD8A8944BFBE}.Release|Any CPU.ActiveCfg = Release|Any CPU
		{35CEE2A4-726B-41C7-9712-AD8A8944BFBE}.Release|Any CPU.Build.0 = Release|Any CPU
	EndGlobalSection
	GlobalSection(SolutionProperties) = preSolution
		HideSolutionNode = FALSE
	EndGlobalSection
	GlobalSection(ExtensibilityGlobals) = postSolution
		SolutionGuid = {8B9E4681-62BA-4BCA-9C8A-4C87277261DD}
	EndGlobalSection
EndGlobal
